
Microsoft Visual Studio Solution File, Format Version 11.00
# Visual Studio 2010
Project("{FAE04EC0-301F-11D3-BF4B-00C04F79EFBC}") = "GetOptNet", "GetOptNet.csproj", "{ABF98F9F-CF28-4242-9459-B10AAA00E305}"
EndProject
Project("{FAE04EC0-301F-11D3-BF4B-00C04F79EFBC}") = "TestApp", "TestApp\TestApp.csproj", "{5DE33C10-08EF-4649-9EA5-4EE106A94F3E}"
EndProject
Global
	GlobalSection(SolutionConfigurationPlatforms) = preSolution
		Debug|Any CPU = Debug|Any CPU
		Release|Any CPU = Release|Any CPU
	EndGlobalSection
	GlobalSection(ProjectConfigurationPlatforms) = postSolution
		{ABF98F9F-CF28-4242-9459-B10AAA00E305}.Debug|Any CPU.ActiveCfg = Debug|Any CPU
		{ABF98F9F-CF28-4242-9459-B10AAA00E305}.Debug|Any CPU.Build.0 = Debug|Any CPU
		{ABF98F9F-CF28-4242-9459-B10AAA00E305}.Release|Any CPU.ActiveCfg = Release|Any CPU
		{ABF98F9F-CF28-4242-9459-B10AAA00E305}.Release|Any CPU.Build.0 = Release|Any CPU
		{5DE33C10-08EF-4649-9EA5-4EE106A94F3E}.Debug|Any CPU.ActiveCfg = Debug|Any CPU
		{5DE33C10-08EF-4649-9EA5-4EE106A94F3E}.Debug|Any CPU.Build.0 = Debug|Any CPU
		{5DE33C10-08EF-4649-9EA5-4EE106A94F3E}.Release|Any CPU.ActiveCfg = Release|Any CPU
		{5DE33C10-08EF-4649-9EA5-4EE106A94F3E}.Release|Any CPU.Build.0 = Release|Any CPU
	EndGlobalSection
	GlobalSection(SolutionProperties) = preSolution
		HideSolutionNode = FALSE
	EndGlobalSection
EndGlobal
